
Microsoft Visual Studio Solution File, Format Version 12.00
# Visual Studio Version 17
VisualStudioVersion = 17.4.33213.308
MinimumVisualStudioVersion = 10.0.40219.1
Project("{FAE04EC0-301F-11D3-BF4B-00C04F79EFBC}") = "Dummes2DGame", "Dummes2DGame\Dummes2DGame.csproj", "{F7769BC0-890E-4DD1-8F7A-A326DA2CD0E6}"
EndProject
Global
	GlobalSection(SolutionConfigurationPlatforms) = preSolution
		Debug|Any CPU = Debug|Any CPU
		Release|Any CPU = Release|Any CPU
	EndGlobalSection
	GlobalSection(ProjectConfigurationPlatforms) = postSolution
		{F7769BC0-890E-4DD1-8F7A-A326DA2CD0E6}.Debug|Any CPU.ActiveCfg = Debug|Any CPU
		{F7769BC0-890E-4DD1-8F7A-A326DA2CD0E6}.Debug|Any CPU.Build.0 = Debug|Any CPU
		{F7769BC0-890E-4DD1-8F7A-A326DA2CD0E6}.Release|Any CPU.ActiveCfg = Release|Any CPU
		{F7769BC0-890E-4DD1-8F7A-A326DA2CD0E6}.Release|Any CPU.Build.0 = Release|Any CPU
	EndGlobalSection
	GlobalSection(SolutionProperties) = preSolution
		HideSolutionNode = FALSE
	EndGlobalSection
	GlobalSection(ExtensibilityGlobals) = postSolution
		SolutionGuid = {33FA4FAB-A887-49B5-A2A4-1A5EB4D81CEB}
	EndGlobalSection
EndGlobal
